
Microsoft Visual Studio Solution File, Format Version 12.00
# Visual Studio Version 17
VisualStudioVersion = 17.5.33530.505
MinimumVisualStudioVersion = 10.0.40219.1
Project("{FAE04EC0-301F-11D3-BF4B-00C04F79EFBC}") = "BlindServer", "BlindServer\BlindServer.csproj", "{40068F6F-FBA2-4EC2-8AF3-7FE0F177CA0F}"
EndProject
Project("{FAE04EC0-301F-11D3-BF4B-00C04F79EFBC}") = "BlindClient", "BlindClient\BlindClient.csproj", "{60C9F78E-1CDE-4262-B8BB-40AE92236375}"
EndProject
Project("{FAE04EC0-301F-11D3-BF4B-00C04F79EFBC}") = "Client-temp", "Client-temp\Client-temp.csproj", "{100817A6-DAA9-4D18-85DE-236DEC02DF55}"
EndProject
Global
	GlobalSection(SolutionConfigurationPlatforms) = preSolution
		Debug|Any CPU = Debug|Any CPU
		Release|Any CPU = Release|Any CPU
	EndGlobalSection
	GlobalSection(ProjectConfigurationPlatforms) = postSolution
		{40068F6F-FBA2-4EC2-8AF3-7FE0F177CA0F}.Debug|Any CPU.ActiveCfg = Debug|Any CPU
		{40068F6F-FBA2-4EC2-8AF3-7FE0F177CA0F}.Debug|Any CPU.Build.0 = Debug|Any CPU
		{40068F6F-FBA2-4EC2-8AF3-7FE0F177CA0F}.Release|Any CPU.ActiveCfg = Release|Any CPU
		{40068F6F-FBA2-4EC2-8AF3-7FE0F177CA0F}.Release|Any CPU.Build.0 = Release|Any CPU
		{60C9F78E-1CDE-4262-B8BB-40AE92236375}.Debug|Any CPU.ActiveCfg = Debug|Any CPU
		{60C9F78E-1CDE-4262-B8BB-40AE92236375}.Debug|Any CPU.Build.0 = Debug|Any CPU
		{60C9F78E-1CDE-4262-B8BB-40AE92236375}.Release|Any CPU.ActiveCfg = Release|Any CPU
		{60C9F78E-1CDE-4262-B8BB-40AE92236375}.Release|Any CPU.Build.0 = Release|Any CPU
		{100817A6-DAA9-4D18-85DE-236DEC02DF55}.Debug|Any CPU.ActiveCfg = Debug|Any CPU
		{100817A6-DAA9-4D18-85DE-236DEC02DF55}.Debug|Any CPU.Build.0 = Debug|Any CPU
		{100817A6-DAA9-4D18-85DE-236DEC02DF55}.Release|Any CPU.ActiveCfg = Release|Any CPU
		{100817A6-DAA9-4D18-85DE-236DEC02DF55}.Release|Any CPU.Build.0 = Release|Any CPU
	EndGlobalSection
	GlobalSection(SolutionProperties) = preSolution
		HideSolutionNode = FALSE
	EndGlobalSection
	GlobalSection(ExtensibilityGlobals) = postSolution
		SolutionGuid = {C984F14B-B92D-488B-9EBD-7D4C05776CF4}
	EndGlobalSection
EndGlobal
